Microsoft Visual Studio Solution File, Format Version 12.00
# Visual Studio Version 17
VisualStudioVersion = 17.5.2.0
MinimumVisualStudioVersion = 10.0.40219.1
Project("{FAE04EC0-301F-11D3-BF4B-00C04F79EFBC}") = "EdiParserApi", "EdiParserApi.csproj", "{C8D97520-70E5-82EB-F887-FD109C726254}"
EndProject
Global
	GlobalSection(SolutionConfigurationPlatforms) = preSolution
		Debug|Any CPU = Debug|Any CPU
		Release|Any CPU = Release|Any CPU
	EndGlobalSection
	GlobalSection(ProjectConfigurationPlatforms) = postSolution
		{C8D97520-70E5-82EB-F887-FD109C726254}.Debug|Any CPU.ActiveCfg = Debug|Any CPU
		{C8D97520-70E5-82EB-F887-FD109C726254}.Debug|Any CPU.Build.0 = Debug|Any CPU
		{C8D97520-70E5-82EB-F887-FD109C726254}.Release|Any CPU.ActiveCfg = Release|Any CPU
		{C8D97520-70E5-82EB-F887-FD109C726254}.Release|Any CPU.Build.0 = Release|Any CPU
	EndGlobalSection
	GlobalSection(SolutionProperties) = preSolution
		HideSolutionNode = FALSE
	EndGlobalSection
	GlobalSection(ExtensibilityGlobals) = postSolution
		SolutionGuid = {25B12594-1D6D-4CEF-B18D-C2F6E841E475}
	EndGlobalSection
EndGlobal
